
Microsoft Visual Studio Solution File, Format Version 12.00
# Visual Studio Version 17
VisualStudioVersion = 17.8.34316.72
MinimumVisualStudioVersion = 10.0.40219.1
Project("{FAE04EC0-301F-11D3-BF4B-00C04F79EFBC}") = "Test", "Test\Test.csproj", "{32C5823D-595B-4900-AFFA-7A920981EDFF}"
EndProject
Global
	GlobalSection(SolutionConfigurationPlatforms) = preSolution
		Debug|Any CPU = Debug|Any CPU
		Release|Any CPU = Release|Any CPU
	EndGlobalSection
	GlobalSection(ProjectConfigurationPlatforms) = postSolution
		{32C5823D-595B-4900-AFFA-7A920981EDFF}.Debug|Any CPU.ActiveCfg = Debug|Any CPU
		{32C5823D-595B-4900-AFFA-7A920981EDFF}.Debug|Any CPU.Build.0 = Debug|Any CPU
		{32C5823D-595B-4900-AFFA-7A920981EDFF}.Release|Any CPU.ActiveCfg = Release|Any CPU
		{32C5823D-595B-4900-AFFA-7A920981EDFF}.Release|Any CPU.Build.0 = Release|Any CPU
	EndGlobalSection
	GlobalSection(SolutionProperties) = preSolution
		HideSolutionNode = FALSE
	EndGlobalSection
	GlobalSection(ExtensibilityGlobals) = postSolution
		SolutionGuid = {B6692D3E-AD1C-4E90-870A-AA9373A9F30F}
	EndGlobalSection
EndGlobal
